
Microsoft Visual Studio Solution File, Format Version 12.00
# Visual Studio Version 17
VisualStudioVersion = 17.3.32922.545
MinimumVisualStudioVersion = 10.0.40219.1
Project("{9A19103F-16F7-4668-BE54-9A1E7A4F7556}") = "HTTPClient", "HTTPClient.csproj", "{23D0FF87-6467-4397-B49B-149D686BB543}"
EndProject
Project("{9A19103F-16F7-4668-BE54-9A1E7A4F7556}") = "SoapAPI", "..\SoapAPI\SoapAPI.csproj", "{24EE451C-96F8-48CF-857B-C3281B66BB45}"
EndProject
Project("{FAE04EC0-301F-11D3-BF4B-00C04F79EFBC}") = "RestSharpClient", "..\RestSharpClient\RestSharpClient.csproj", "{01FFE315-E67F-409D-960C-478EAAA70E00}"
EndProject
Global
	GlobalSection(SolutionConfigurationPlatforms) = preSolution
		Debug|Any CPU = Debug|Any CPU
		Release|Any CPU = Release|Any CPU
	EndGlobalSection
	GlobalSection(ProjectConfigurationPlatforms) = postSolution
		{23D0FF87-6467-4397-B49B-149D686BB543}.Debug|Any CPU.ActiveCfg = Debug|Any CPU
		{23D0FF87-6467-4397-B49B-149D686BB543}.Debug|Any CPU.Build.0 = Debug|Any CPU
		{23D0FF87-6467-4397-B49B-149D686BB543}.Release|Any CPU.ActiveCfg = Release|Any CPU
		{23D0FF87-6467-4397-B49B-149D686BB543}.Release|Any CPU.Build.0 = Release|Any CPU
		{24EE451C-96F8-48CF-857B-C3281B66BB45}.Debug|Any CPU.ActiveCfg = Debug|Any CPU
		{24EE451C-96F8-48CF-857B-C3281B66BB45}.Debug|Any CPU.Build.0 = Debug|Any CPU
		{24EE451C-96F8-48CF-857B-C3281B66BB45}.Release|Any CPU.ActiveCfg = Release|Any CPU
		{24EE451C-96F8-48CF-857B-C3281B66BB45}.Release|Any CPU.Build.0 = Release|Any CPU
		{01FFE315-E67F-409D-960C-478EAAA70E00}.Debug|Any CPU.ActiveCfg = Debug|Any CPU
		{01FFE315-E67F-409D-960C-478EAAA70E00}.Debug|Any CPU.Build.0 = Debug|Any CPU
		{01FFE315-E67F-409D-960C-478EAAA70E00}.Release|Any CPU.ActiveCfg = Release|Any CPU
		{01FFE315-E67F-409D-960C-478EAAA70E00}.Release|Any CPU.Build.0 = Release|Any CPU
	EndGlobalSection
	GlobalSection(SolutionProperties) = preSolution
		HideSolutionNode = FALSE
	EndGlobalSection
	GlobalSection(ExtensibilityGlobals) = postSolution
		SolutionGuid = {369F4D49-D3B7-4F97-98C6-159CDF728B79}
	EndGlobalSection
EndGlobal
